
Microsoft Visual Studio Solution File, Format Version 12.00
# Visual Studio 15
VisualStudioVersion = 15.0.27004.2006
MinimumVisualStudioVersion = 10.0.40219.1
Project("{FAE04EC0-301F-11D3-BF4B-00C04F79EFBC}") = "WindowsFormsApp1", "WindowsFormsApp1\WindowsFormsApp1.csproj", "{3BF3FB9A-BE85-43A5-A8C8-D161E3808B66}"
EndProject
Global
	GlobalSection(SolutionConfigurationPlatforms) = preSolution
		Debug|Any CPU = Debug|Any CPU
		Release|Any CPU = Release|Any CPU
	EndGlobalSection
	GlobalSection(ProjectConfigurationPlatforms) = postSolution
		{3BF3FB9A-BE85-43A5-A8C8-D161E3808B66}.Debug|Any CPU.ActiveCfg = Debug|Any CPU
		{3BF3FB9A-BE85-43A5-A8C8-D161E3808B66}.Debug|Any CPU.Build.0 = Debug|Any CPU
		{3BF3FB9A-BE85-43A5-A8C8-D161E3808B66}.Release|Any CPU.ActiveCfg = Release|Any CPU
		{3BF3FB9A-BE85-43A5-A8C8-D161E3808B66}.Release|Any CPU.Build.0 = Release|Any CPU
	EndGlobalSection
	GlobalSection(SolutionProperties) = preSolution
		HideSolutionNode = FALSE
	EndGlobalSection
	GlobalSection(ExtensibilityGlobals) = postSolution
		SolutionGuid = {6D1FF148-53C8-486A-9076-B0BCF745085E}
	EndGlobalSection
EndGlobal
